
Microsoft Visual Studio Solution File, Format Version 12.00
# Visual Studio 14
VisualStudioVersion = 14.0.25420.1
MinimumVisualStudioVersion = 10.0.40219.1
Project("{FAE04EC0-301F-11D3-BF4B-00C04F79EFBC}") = "NghiaBui_XCart_Selenium2017", "NghiaBui_XCart_Selenium2017\NghiaBui_XCart_Selenium2017.csproj", "{34393AFF-D979-4A09-A737-E7F5E5409741}"
EndProject
Global
	GlobalSection(SolutionConfigurationPlatforms) = preSolution
		Debug|Any CPU = Debug|Any CPU
		Release|Any CPU = Release|Any CPU
	EndGlobalSection
	GlobalSection(ProjectConfigurationPlatforms) = postSolution
		{34393AFF-D979-4A09-A737-E7F5E5409741}.Debug|Any CPU.ActiveCfg = Debug|Any CPU
		{34393AFF-D979-4A09-A737-E7F5E5409741}.Debug|Any CPU.Build.0 = Debug|Any CPU
		{34393AFF-D979-4A09-A737-E7F5E5409741}.Release|Any CPU.ActiveCfg = Release|Any CPU
		{34393AFF-D979-4A09-A737-E7F5E5409741}.Release|Any CPU.Build.0 = Release|Any CPU
	EndGlobalSection
	GlobalSection(SolutionProperties) = preSolution
		HideSolutionNode = FALSE
	EndGlobalSection
EndGlobal
